PODS:
  - CBFormController (0.1.0):
    - UITextView+Placeholder
  - UITextView+Placeholder (1.0.9)

DEPENDENCIES:
  - CBFormController (from `../`)

EXTERNAL SOURCES:
  CBFormController:
    :path: "../"

SPEC CHECKSUMS:
  CBFormController: 5de8987373c818e153074910bbd2aa1450890b8b
  UITextView+Placeholder: 83895056749372c96febfb43f536c9b1aae3e08e

COCOAPODS: 0.38.0
